Microsoft Visual Studio Solution File, Format Version 8.00
Project("{8BC9CEB8-8B4A-11D0-8D11-00A0C91BC942}") = "font", "font.vcproj", "{765BF57A-AEA4-47A6-ADAA-B6C84762EEDA}"
	ProjectSection(ProjectDependencies) = postProject
	EndProjectSection
EndProject
Project("{8BC9CEB8-8B4A-11D0-8D11-00A0C91BC942}") = "frustum_culling", "frustum_culling.vcproj", "{46F97C11-029C-4A6A-904A-33F845753416}"
	ProjectSection(ProjectDependencies) = postProject
	EndProjectSection
EndProject
Project("{8BC9CEB8-8B4A-11D0-8D11-00A0C91BC942}") = "image", "image.vcproj", "{C556D10E-B346-47A0-8CDF-62EE9DC3CAF6}"
	ProjectSection(ProjectDependencies) = postProject
	EndProjectSection
EndProject
Project("{8BC9CEB8-8B4A-11D0-8D11-00A0C91BC942}") = "polynomial", "polynomial.vcproj", "{27DBC66D-9ABF-4E5C-A755-623E72A0C394}"
	ProjectSection(ProjectDependencies) = postProject
	EndProjectSection
EndProject
Project("{8BC9CEB8-8B4A-11D0-8D11-00A0C91BC942}") = "ogl_ext", "opengl_extensions.vcproj", "{09C41042-E2B4-4F3D-AC3B-28D2BDE4B1E6}"
	ProjectSection(ProjectDependencies) = postProject
	EndProjectSection
EndProject
Project("{8BC9CEB8-8B4A-11D0-8D11-00A0C91BC942}") = "lighting", "lighting.vcproj", "{255BCF37-84C8-44D0-A237-459AEE765624}"
	ProjectSection(ProjectDependencies) = postProject
	EndProjectSection
EndProject
Project("{8BC9CEB8-8B4A-11D0-8D11-00A0C91BC942}") = "transform", "quaternion.vcproj", "{ABD9FD89-C6DE-4928-AF92-B693A42DF2CD}"
	ProjectSection(ProjectDependencies) = postProject
	EndProjectSection
EndProject
Project("{8BC9CEB8-8B4A-11D0-8D11-00A0C91BC942}") = "particle", "particle.vcproj", "{24CF312E-13A5-4DB9-9E87-9EB7E2FE13C9}"
	ProjectSection(ProjectDependencies) = postProject
	EndProjectSection
EndProject
Global
	GlobalSection(SolutionConfiguration) = preSolution
		Debug = Debug
		Release = Release
	EndGlobalSection
	GlobalSection(ProjectConfiguration) = postSolution
		{765BF57A-AEA4-47A6-ADAA-B6C84762EEDA}.Debug.ActiveCfg = Debug|Win32
		{765BF57A-AEA4-47A6-ADAA-B6C84762EEDA}.Debug.Build.0 = Debug|Win32
		{765BF57A-AEA4-47A6-ADAA-B6C84762EEDA}.Release.ActiveCfg = Release|Win32
		{765BF57A-AEA4-47A6-ADAA-B6C84762EEDA}.Release.Build.0 = Release|Win32
		{46F97C11-029C-4A6A-904A-33F845753416}.Debug.ActiveCfg = Debug|Win32
		{46F97C11-029C-4A6A-904A-33F845753416}.Debug.Build.0 = Debug|Win32
		{46F97C11-029C-4A6A-904A-33F845753416}.Release.ActiveCfg = Release|Win32
		{46F97C11-029C-4A6A-904A-33F845753416}.Release.Build.0 = Release|Win32
		{C556D10E-B346-47A0-8CDF-62EE9DC3CAF6}.Debug.ActiveCfg = Debug|Win32
		{C556D10E-B346-47A0-8CDF-62EE9DC3CAF6}.Debug.Build.0 = Debug|Win32
		{C556D10E-B346-47A0-8CDF-62EE9DC3CAF6}.Release.ActiveCfg = Release|Win32
		{C556D10E-B346-47A0-8CDF-62EE9DC3CAF6}.Release.Build.0 = Release|Win32
		{27DBC66D-9ABF-4E5C-A755-623E72A0C394}.Debug.ActiveCfg = Debug|Win32
		{27DBC66D-9ABF-4E5C-A755-623E72A0C394}.Debug.Build.0 = Debug|Win32
		{27DBC66D-9ABF-4E5C-A755-623E72A0C394}.Release.ActiveCfg = Release|Win32
		{27DBC66D-9ABF-4E5C-A755-623E72A0C394}.Release.Build.0 = Release|Win32
		{09C41042-E2B4-4F3D-AC3B-28D2BDE4B1E6}.Debug.ActiveCfg = Debug|Win32
		{09C41042-E2B4-4F3D-AC3B-28D2BDE4B1E6}.Debug.Build.0 = Debug|Win32
		{09C41042-E2B4-4F3D-AC3B-28D2BDE4B1E6}.Release.ActiveCfg = Release|Win32
		{09C41042-E2B4-4F3D-AC3B-28D2BDE4B1E6}.Release.Build.0 = Release|Win32
		{255BCF37-84C8-44D0-A237-459AEE765624}.Debug.ActiveCfg = Debug|Win32
		{255BCF37-84C8-44D0-A237-459AEE765624}.Debug.Build.0 = Debug|Win32
		{255BCF37-84C8-44D0-A237-459AEE765624}.Release.ActiveCfg = Release|Win32
		{255BCF37-84C8-44D0-A237-459AEE765624}.Release.Build.0 = Release|Win32
		{ABD9FD89-C6DE-4928-AF92-B693A42DF2CD}.Debug.ActiveCfg = Debug|Win32
		{ABD9FD89-C6DE-4928-AF92-B693A42DF2CD}.Debug.Build.0 = Debug|Win32
		{ABD9FD89-C6DE-4928-AF92-B693A42DF2CD}.Release.ActiveCfg = Release|Win32
		{ABD9FD89-C6DE-4928-AF92-B693A42DF2CD}.Release.Build.0 = Release|Win32
		{24CF312E-13A5-4DB9-9E87-9EB7E2FE13C9}.Debug.ActiveCfg = Debug|Win32
		{24CF312E-13A5-4DB9-9E87-9EB7E2FE13C9}.Debug.Build.0 = Debug|Win32
		{24CF312E-13A5-4DB9-9E87-9EB7E2FE13C9}.Release.ActiveCfg = Release|Win32
		{24CF312E-13A5-4DB9-9E87-9EB7E2FE13C9}.Release.Build.0 = Release|Win32
	EndGlobalSection
	GlobalSection(ExtensibilityGlobals) = postSolution
	EndGlobalSection
	GlobalSection(ExtensibilityAddIns) = postSolution
	EndGlobalSection
EndGlobal
